// !$*UTF8*$!
{
	archiveVersion = 1;
	classes = {
	};
	objectVersion = 50;
	objects = {

/* Begin PBXBuildFile section */
		71A3BD21230D853E00E07427 /* LocationProvider.swift in Sources */ = {isa = PBXBuildFile; fileRef = 71A3BD20230D853E00E07427 /* LocationProvider.swift */; };
		71A3BD23230D88A300E07427 /* Location.swift in Sources */ = {isa = PBXBuildFile; fileRef = 71A3BD22230D88A300E07427 /* Location.swift */; };
		71A3BD25230D89A100E07427 /* SettingsModel.swift in Sources */ = {isa = PBXBuildFile; fileRef = 71A3BD24230D89A100E07427 /* SettingsModel.swift */; };
		71DA4F8A230ACB6200BBC2F6 /* SettingsViewController.swift in Sources */ = {isa = PBXBuildFile; fileRef = 71DA4F89230ACB6200BBC2F6 /* SettingsViewController.swift */; };
		71DA4F8C230ACBE200BBC2F6 /* SettingsViewController.storyboard in Resources */ = {isa = PBXBuildFile; fileRef = 71DA4F8B230ACBE200BBC2F6 /* SettingsViewController.storyboard */; };
		71DA4F8F230AD28C00BBC2F6 /* HomeWireframe.swift in Sources */ = {isa = PBXBuildFile; fileRef = 71DA4F8E230AD28C00BBC2F6 /* HomeWireframe.swift */; };
		71DA4F92230AEA9E00BBC2F6 /* SettingsTableViewCell.swift in Sources */ = {isa = PBXBuildFile; fileRef = 71DA4F90230AEA9E00BBC2F6 /* SettingsTableViewCell.swift */; };
		71DA4F93230AEA9E00BBC2F6 /* SettingsTableViewCell.xib in Resources */ = {isa = PBXBuildFile; fileRef = 71DA4F91230AEA9E00BBC2F6 /* SettingsTableViewCell.xib */; };
		71DA4F95230AED1E00BBC2F6 /* Settings.swift in Sources */ = {isa = PBXBuildFile; fileRef = 71DA4F94230AED1E00BBC2F6 /* Settings.swift */; };
		71DA4F98230AF64100BBC2F6 /* SettingsViewModel.swift in Sources */ = {isa = PBXBuildFile; fileRef = 71DA4F97230AF64100BBC2F6 /* SettingsViewModel.swift */; };
		71DA4F9A230AF68A00BBC2F6 /* SettingsWireframe.swift in Sources */ = {isa = PBXBuildFile; fileRef = 71DA4F99230AF68A00BBC2F6 /* SettingsWireframe.swift */; };
		71FF00E0230449120071F9DF /* HomeTemperatureCollectionViewController.swift in Sources */ = {isa = PBXBuildFile; fileRef = 71FF00DF230449120071F9DF /* HomeTemperatureCollectionViewController.swift */; };
		71FF00E2230449F50071F9DF /* HomeTemperatureCollectionViewController.storyboard in Resources */ = {isa = PBXBuildFile; fileRef = 71FF00E1230449F50071F9DF /* HomeTemperatureCollectionViewController.storyboard */; };
		71FF00E8230450CC0071F9DF /* HomeTemperatureCollectionViewCell.swift in Sources */ = {isa = PBXBuildFile; fileRef = 71FF00E6230450CC0071F9DF /* HomeTemperatureCollectionViewCell.swift */; };
		71FF00E9230450CC0071F9DF /* HomeTemperatureCollectionViewCell.xib in Resources */ = {isa = PBXBuildFile; fileRef = 71FF00E7230450CC0071F9DF /* HomeTemperatureCollectionViewCell.xib */; };
		71FF00EC23053BAD0071F9DF /* Alamofire.framework in Frameworks */ = {isa = PBXBuildFile; fileRef = 71FF00EB23053BAD0071F9DF /* Alamofire.framework */; };
		71FF00EE23053BBA0071F9DF /* Result.framework in Frameworks */ = {isa = PBXBuildFile; fileRef = 71FF00ED23053BBA0071F9DF /* Result.framework */; };
		71FF00F023053BC60071F9DF /* Moya.framework in Frameworks */ = {isa = PBXBuildFile; fileRef = 71FF00EF23053BC60071F9DF /* Moya.framework */; };
		71FF00F223053BD80071F9DF /* RxSwift.framework in Frameworks */ = {isa = PBXBuildFile; fileRef = 71FF00F123053BD80071F9DF /* RxSwift.framework */; };
		71FF00F423053BE80071F9DF /* RxCocoa.framework in Frameworks */ = {isa = PBXBuildFile; fileRef = 71FF00F323053BE80071F9DF /* RxCocoa.framework */; };
		71FF00FA230574160071F9DF /* WeatherAppAPI.swift in Sources */ = {isa = PBXBuildFile; fileRef = 71FF00F9230574160071F9DF /* WeatherAppAPI.swift */; };
		71FF00FE2305811C0071F9DF /* CurrentParams.swift in Sources */ = {isa = PBXBuildFile; fileRef = 71FF00FD2305811C0071F9DF /* CurrentParams.swift */; };
		71FF01002305816E0071F9DF /* ForecastParams.swift in Sources */ = {isa = PBXBuildFile; fileRef = 71FF00FF2305816E0071F9DF /* ForecastParams.swift */; };
		71FF0102230581D70071F9DF /* Wind.swift in Sources */ = {isa = PBXBuildFile; fileRef = 71FF0101230581D70071F9DF /* Wind.swift */; };
		71FF0104230582030071F9DF /* Weather.swift in Sources */ = {isa = PBXBuildFile; fileRef = 71FF0103230582030071F9DF /* Weather.swift */; };
		71FF0106230582250071F9DF /* WeatherMain.swift in Sources */ = {isa = PBXBuildFile; fileRef = 71FF0105230582250071F9DF /* WeatherMain.swift */; };
		71FF0108230590D20071F9DF /* HomeWeatherModel.swift in Sources */ = {isa = PBXBuildFile; fileRef = 71FF0107230590D20071F9DF /* HomeWeatherModel.swift */; };
		71FF010A230591150071F9DF /* HomeTemperatureModel.swift in Sources */ = {isa = PBXBuildFile; fileRef = 71FF0109230591150071F9DF /* HomeTemperatureModel.swift */; };
		71FF010C230591200071F9DF /* HomeWeatherViewModel.swift in Sources */ = {isa = PBXBuildFile; fileRef = 71FF010B230591200071F9DF /* HomeWeatherViewModel.swift */; };
		71FF010E2305912E0071F9DF /* HomeTemperatureViewModel.swift in Sources */ = {isa = PBXBuildFile; fileRef = 71FF010D2305912E0071F9DF /* HomeTemperatureViewModel.swift */; };
		71FF0110230591410071F9DF /* BaseViewController.swift in Sources */ = {isa = PBXBuildFile; fileRef = 71FF010F230591410071F9DF /* BaseViewController.swift */; };
		71FF01122305918F0071F9DF /* Storyboardable.swift in Sources */ = {isa = PBXBuildFile; fileRef = 71FF01112305918F0071F9DF /* Storyboardable.swift */; };
		71FF0114230591BB0071F9DF /* BaseNavigationController.swift in Sources */ = {isa = PBXBuildFile; fileRef = 71FF0113230591BB0071F9DF /* BaseNavigationController.swift */; };
		71FF01162305995E0071F9DF /* WeatherAppAPIProvider.swift in Sources */ = {isa = PBXBuildFile; fileRef = 71FF01152305995E0071F9DF /* WeatherAppAPIProvider.swift */; };
		71FF011B2305B0D60071F9DF /* ForecastResponseJson.json in Resources */ = {isa = PBXBuildFile; fileRef = 71FF011A2305B0D60071F9DF /* ForecastResponseJson.json */; };
		71FF011D2305B52C0071F9DF /* CurrentResponseJson.json in Resources */ = {isa = PBXBuildFile; fileRef = 71FF011C2305B52C0071F9DF /* CurrentResponseJson.json */; };
		71FF011F2305B8E30071F9DF /* Forecast.swift in Sources */ = {isa = PBXBuildFile; fileRef = 71FF011E2305B8E30071F9DF /* Forecast.swift */; };
		71FF01212305C1C20071F9DF /* ForecastWeather.swift in Sources */ = {isa = PBXBuildFile; fileRef = 71FF01202305C1C20071F9DF /* ForecastWeather.swift */; };
		71FF01232305C4430071F9DF /* ViewModelType.swift in Sources */ = {isa = PBXBuildFile; fileRef = 71FF01222305C4430071F9DF /* ViewModelType.swift */; };
		71FF0125230659C30071F9DF /* RxMoya.framework in Frameworks */ = {isa = PBXBuildFile; fileRef = 71FF0124230659C30071F9DF /* RxMoya.framework */; };
		71FF0127230663970071F9DF /* Timestamp+Util.swift in Sources */ = {isa = PBXBuildFile; fileRef = 71FF0126230663970071F9DF /* Timestamp+Util.swift */; };
		A40DA72F22FAC7890094A047 /* WeatherCondition+Utils.swift in Sources */ = {isa = PBXBuildFile; fileRef = A40DA72E22FAC7890094A047 /* WeatherCondition+Utils.swift */; };
		A40DA73122FACB130094A047 /* Temperature+Utils.swift in Sources */ = {isa = PBXBuildFile; fileRef = A40DA73022FACB130094A047 /* Temperature+Utils.swift */; };
		A44A2E91230E530B002EC10D /* LocationError.swift in Sources */ = {isa = PBXBuildFile; fileRef = A44A2E90230E530B002EC10D /* LocationError.swift */; };
		A44A2E95230E658C002EC10D /* SpecialLocation+Utils.swift in Sources */ = {isa = PBXBuildFile; fileRef = A44A2E94230E658C002EC10D /* SpecialLocation+Utils.swift */; };
		A467D63822FA8C9500557B2D /* AppDelegate.swift in Sources */ = {isa = PBXBuildFile; fileRef = A467D63722FA8C9500557B2D /* AppDelegate.swift */; };
		A467D63F22FA8C9700557B2D /* Assets.xcassets in Resources */ = {isa = PBXBuildFile; fileRef = A467D63E22FA8C9700557B2D /* Assets.xcassets */; };
		A467D64222FA8C9700557B2D /* LaunchScreen.storyboard in Resources */ = {isa = PBXBuildFile; fileRef = A467D64022FA8C9700557B2D /* LaunchScreen.storyboard */; };
		A467D65B22FA92D700557B2D /* HomeViewController.swift in Sources */ = {isa = PBXBuildFile; fileRef = A467D65A22FA92D700557B2D /* HomeViewController.swift */; };
		A467D65D22FA92F600557B2D /* HomeViewController.storyboard in Resources */ = {isa = PBXBuildFile; fileRef = A467D65C22FA92F600557B2D /* HomeViewController.storyboard */; };
		A467D66222FA976E00557B2D /* CurrentWeather.swift in Sources */ = {isa = PBXBuildFile; fileRef = A467D66122FA976D00557B2D /* CurrentWeather.swift */; };
		A467D66422FA99DE00557B2D /* Configuration.swift in Sources */ = {isa = PBXBuildFile; fileRef = A467D66322FA99DE00557B2D /* Configuration.swift */; };
		A467D66722FAAAEC00557B2D /* GradientView.swift in Sources */ = {isa = PBXBuildFile; fileRef = A467D66622FAAAEC00557B2D /* GradientView.swift */; };
		A495FF43230BCBA40073F23E /* LocalSettings.swift in Sources */ = {isa = PBXBuildFile; fileRef = A495FF42230BCBA40073F23E /* LocalSettings.swift */; };
/* End PBXBuildFile section */

/* Begin PBXContainerItemProxy section */
		A467D64922FA8C9800557B2D /* PBXContainerItemProxy */ = {
			isa = PBXContainerItemProxy;
			containerPortal = A467D62C22FA8C9500557B2D /* Project object */;
			proxyType = 1;
			remoteGlobalIDString = A467D63322FA8C9500557B2D;
			remoteInfo = WeatherApp;
		};
/* End PBXContainerItemProxy section */

/* Begin PBXFileReference section */
		71A3BD20230D853E00E07427 /* LocationProvider.swift */ = {isa = PBXFileReference; lastKnownFileType = sourcecode.swift; path = LocationProvider.swift; sourceTree = "<group>"; };
		71A3BD22230D88A300E07427 /* Location.swift */ = {isa = PBXFileReference; lastKnownFileType = sourcecode.swift; path = Location.swift; sourceTree = "<group>"; };
		71A3BD24230D89A100E07427 /* SettingsModel.swift */ = {isa = PBXFileReference; lastKnownFileType = sourcecode.swift; path = SettingsModel.swift; sourceTree = "<group>"; };
		71DA4F89230ACB6200BBC2F6 /* SettingsViewController.swift */ = {isa = PBXFileReference; lastKnownFileType = sourcecode.swift; path = SettingsViewController.swift; sourceTree = "<group>"; };
		71DA4F8B230ACBE200BBC2F6 /* SettingsViewController.storyboard */ = {isa = PBXFileReference; lastKnownFileType = file.storyboard; path = SettingsViewController.storyboard; sourceTree = "<group>"; };
		71DA4F8E230AD28C00BBC2F6 /* HomeWireframe.swift */ = {isa = PBXFileReference; lastKnownFileType = sourcecode.swift; path = HomeWireframe.swift; sourceTree = "<group>"; };
		71DA4F90230AEA9E00BBC2F6 /* SettingsTableViewCell.swift */ = {isa = PBXFileReference; lastKnownFileType = sourcecode.swift; path = SettingsTableViewCell.swift; sourceTree = "<group>"; };
		71DA4F91230AEA9E00BBC2F6 /* SettingsTableViewCell.xib */ = {isa = PBXFileReference; lastKnownFileType = file.xib; path = SettingsTableViewCell.xib; sourceTree = "<group>"; };
		71DA4F94230AED1E00BBC2F6 /* Settings.swift */ = {isa = PBXFileReference; lastKnownFileType = sourcecode.swift; path = Settings.swift; sourceTree = "<group>"; };
		71DA4F97230AF64100BBC2F6 /* SettingsViewModel.swift */ = {isa = PBXFileReference; lastKnownFileType = sourcecode.swift; path = SettingsViewModel.swift; sourceTree = "<group>"; };
		71DA4F99230AF68A00BBC2F6 /* SettingsWireframe.swift */ = {isa = PBXFileReference; lastKnownFileType = sourcecode.swift; path = SettingsWireframe.swift; sourceTree = "<group>"; };
		71FF00DF230449120071F9DF /* HomeTemperatureCollectionViewController.swift */ = {isa = PBXFileReference; lastKnownFileType = sourcecode.swift; path = HomeTemperatureCollectionViewController.swift; sourceTree = "<group>"; };
		71FF00E1230449F50071F9DF /* HomeTemperatureCollectionViewController.storyboard */ = {isa = PBXFileReference; lastKnownFileType = file.storyboard; path = HomeTemperatureCollectionViewController.storyboard; sourceTree = "<group>"; };
		71FF00E6230450CC0071F9DF /* HomeTemperatureCollectionViewCell.swift */ = {isa = PBXFileReference; lastKnownFileType = sourcecode.swift; path = HomeTemperatureCollectionViewCell.swift; sourceTree = "<group>"; };
		71FF00E7230450CC0071F9DF /* HomeTemperatureCollectionViewCell.xib */ = {isa = PBXFileReference; lastKnownFileType = file.xib; path = HomeTemperatureCollectionViewCell.xib; sourceTree = "<group>"; };
		71FF00EB23053BAD0071F9DF /* Alamofire.framework */ = {isa = PBXFileReference; lastKnownFileType = wrapper.framework; name = Alamofire.framework; path = Carthage/Build/iOS/Alamofire.framework; sourceTree = "<group>"; };
		71FF00ED23053BBA0071F9DF /* Result.framework */ = {isa = PBXFileReference; lastKnownFileType = wrapper.framework; name = Result.framework; path = Carthage/Build/iOS/Result.framework; sourceTree = "<group>"; };
		71FF00EF23053BC60071F9DF /* Moya.framework */ = {isa = PBXFileReference; lastKnownFileType = wrapper.framework; name = Moya.framework; path = Carthage/Build/iOS/Moya.framework; sourceTree = "<group>"; };
		71FF00F123053BD80071F9DF /* RxSwift.framework */ = {isa = PBXFileReference; lastKnownFileType = wrapper.framework; name = RxSwift.framework; path = Carthage/Build/iOS/RxSwift.framework; sourceTree = "<group>"; };
		71FF00F323053BE80071F9DF /* RxCocoa.framework */ = {isa = PBXFileReference; lastKnownFileType = wrapper.framework; name = RxCocoa.framework; path = Carthage/Build/iOS/RxCocoa.framework; sourceTree = "<group>"; };
		71FF00F9230574160071F9DF /* WeatherAppAPI.swift */ = {isa = PBXFileReference; lastKnownFileType = sourcecode.swift; path = WeatherAppAPI.swift; sourceTree = "<group>"; };
		71FF00FD2305811C0071F9DF /* CurrentParams.swift */ = {isa = PBXFileReference; lastKnownFileType = sourcecode.swift; path = CurrentParams.swift; sourceTree = "<group>"; };
		71FF00FF2305816E0071F9DF /* ForecastParams.swift */ = {isa = PBXFileReference; lastKnownFileType = sourcecode.swift; path = ForecastParams.swift; sourceTree = "<group>"; };
		71FF0101230581D70071F9DF /* Wind.swift */ = {isa = PBXFileReference; lastKnownFileType = sourcecode.swift; path = Wind.swift; sourceTree = "<group>"; };
		71FF0103230582030071F9DF /* Weather.swift */ = {isa = PBXFileReference; lastKnownFileType = sourcecode.swift; path = Weather.swift; sourceTree = "<group>"; };
		71FF0105230582250071F9DF /* WeatherMain.swift */ = {isa = PBXFileReference; lastKnownFileType = sourcecode.swift; path = WeatherMain.swift; sourceTree = "<group>"; };
		71FF0107230590D20071F9DF /* HomeWeatherModel.swift */ = {isa = PBXFileReference; lastKnownFileType = sourcecode.swift; path = HomeWeatherModel.swift; sourceTree = "<group>"; };
		71FF0109230591150071F9DF /* HomeTemperatureModel.swift */ = {isa = PBXFileReference; lastKnownFileType = sourcecode.swift; path = HomeTemperatureModel.swift; sourceTree = "<group>"; };
		71FF010B230591200071F9DF /* HomeWeatherViewModel.swift */ = {isa = PBXFileReference; lastKnownFileType = sourcecode.swift; path = HomeWeatherViewModel.swift; sourceTree = "<group>"; };
		71FF010D2305912E0071F9DF /* HomeTemperatureViewModel.swift */ = {isa = PBXFileReference; lastKnownFileType = sourcecode.swift; path = HomeTemperatureViewModel.swift; sourceTree = "<group>"; };
		71FF010F230591410071F9DF /* BaseViewController.swift */ = {isa = PBXFileReference; lastKnownFileType = sourcecode.swift; path = BaseViewController.swift; sourceTree = "<group>"; };
		71FF01112305918F0071F9DF /* Storyboardable.swift */ = {isa = PBXFileReference; lastKnownFileType = sourcecode.swift; path = Storyboardable.swift; sourceTree = "<group>"; };
		71FF0113230591BB0071F9DF /* BaseNavigationController.swift */ = {isa = PBXFileReference; lastKnownFileType = sourcecode.swift; path = BaseNavigationController.swift; sourceTree = "<group>"; };
		71FF01152305995E0071F9DF /* WeatherAppAPIProvider.swift */ = {isa = PBXFileReference; lastKnownFileType = sourcecode.swift; path = WeatherAppAPIProvider.swift; sourceTree = "<group>"; };
		71FF011A2305B0D60071F9DF /* ForecastResponseJson.json */ = {isa = PBXFileReference; lastKnownFileType = text.json; path = ForecastResponseJson.json; sourceTree = "<group>"; };
		71FF011C2305B52C0071F9DF /* CurrentResponseJson.json */ = {isa = PBXFileReference; lastKnownFileType = text.json; path = CurrentResponseJson.json; sourceTree = "<group>"; };
		71FF011E2305B8E30071F9DF /* Forecast.swift */ = {isa = PBXFileReference; lastKnownFileType = sourcecode.swift; path = Forecast.swift; sourceTree = "<group>"; };
		71FF01202305C1C20071F9DF /* ForecastWeather.swift */ = {isa = PBXFileReference; lastKnownFileType = sourcecode.swift; path = ForecastWeather.swift; sourceTree = "<group>"; };
		71FF01222305C4430071F9DF /* ViewModelType.swift */ = {isa = PBXFileReference; lastKnownFileType = sourcecode.swift; path = ViewModelType.swift; sourceTree = "<group>"; };
		71FF0124230659C30071F9DF /* RxMoya.framework */ = {isa = PBXFileReference; lastKnownFileType = wrapper.framework; name = RxMoya.framework; path = Carthage/Build/iOS/RxMoya.framework; sourceTree = "<group>"; };
		71FF0126230663970071F9DF /* Timestamp+Util.swift */ = {isa = PBXFileReference; lastKnownFileType = sourcecode.swift; path = "Timestamp+Util.swift"; sourceTree = "<group>"; };
		A40DA72E22FAC7890094A047 /* WeatherCondition+Utils.swift */ = {isa = PBXFileReference; lastKnownFileType = sourcecode.swift; path = "WeatherCondition+Utils.swift"; sourceTree = "<group>"; };
		A40DA73022FACB130094A047 /* Temperature+Utils.swift */ = {isa = PBXFileReference; lastKnownFileType = sourcecode.swift; path = "Temperature+Utils.swift"; sourceTree = "<group>"; };
		A44A2E90230E530B002EC10D /* LocationError.swift */ = {isa = PBXFileReference; lastKnownFileType = sourcecode.swift; path = LocationError.swift; sourceTree = "<group>"; };
		A44A2E94230E658C002EC10D /* SpecialLocation+Utils.swift */ = {isa = PBXFileReference; lastKnownFileType = sourcecode.swift; path = "SpecialLocation+Utils.swift"; sourceTree = "<group>"; };
		A467D63422FA8C9500557B2D /* WeatherApp.app */ = {isa = PBXFileReference; explicitFileType = wrapper.application; includeInIndex = 0; path = WeatherApp.app; sourceTree = BUILT_PRODUCTS_DIR; };
		A467D63722FA8C9500557B2D /* AppDelegate.swift */ = {isa = PBXFileReference; lastKnownFileType = sourcecode.swift; path = AppDelegate.swift; sourceTree = "<group>"; };
		A467D63E22FA8C9700557B2D /* Assets.xcassets */ = {isa = PBXFileReference; lastKnownFileType = folder.assetcatalog; path = Assets.xcassets; sourceTree = "<group>"; };
		A467D64122FA8C9700557B2D /* Base */ = {isa = PBXFileReference; lastKnownFileType = file.storyboard; name = Base; path = Base.lproj/LaunchScreen.storyboard; sourceTree = "<group>"; };
		A467D64322FA8C9700557B2D /* Info.plist */ = {isa = PBXFileReference; lastKnownFileType = text.plist.xml; path = Info.plist; sourceTree = "<group>"; };
		A467D64822FA8C9800557B2D /* WeatherAppTests.xctest */ = {isa = PBXFileReference; explicitFileType = wrapper.cfbundle; includeInIndex = 0; path = WeatherAppTests.xctest; sourceTree = BUILT_PRODUCTS_DIR; };
		A467D64E22FA8C9800557B2D /* Info.plist */ = {isa = PBXFileReference; lastKnownFileType = text.plist.xml; path = Info.plist; sourceTree = "<group>"; };
		A467D65A22FA92D700557B2D /* HomeViewController.swift */ = {isa = PBXFileReference; lastKnownFileType = sourcecode.swift; path = HomeViewController.swift; sourceTree = "<group>"; };
		A467D65C22FA92F600557B2D /* HomeViewController.storyboard */ = {isa = PBXFileReference; lastKnownFileType = file.storyboard; path = HomeViewController.storyboard; sourceTree = "<group>"; };
		A467D66122FA976D00557B2D /* CurrentWeather.swift */ = {isa = PBXFileReference; lastKnownFileType = sourcecode.swift; path = CurrentWeather.swift; sourceTree = "<group>"; };
		A467D66322FA99DE00557B2D /* Configuration.swift */ = {isa = PBXFileReference; lastKnownFileType = sourcecode.swift; path = Configuration.swift; sourceTree = "<group>"; };
		A467D66622FAAAEC00557B2D /* GradientView.swift */ = {isa = PBXFileReference; lastKnownFileType = sourcecode.swift; path = GradientView.swift; sourceTree = "<group>"; };
		A495FF42230BCBA40073F23E /* LocalSettings.swift */ = {isa = PBXFileReference; lastKnownFileType = sourcecode.swift; path = LocalSettings.swift; sourceTree = "<group>"; };
/* End PBXFileReference section */

/* Begin PBXFrameworksBuildPhase section */
		A467D63122FA8C9500557B2D /* Frameworks */ = {
			isa = PBXFrameworksBuildPhase;
			buildActionMask = 2147483647;
			files = (
				71FF00EC23053BAD0071F9DF /* Alamofire.framework in Frameworks */,
				71FF00EE23053BBA0071F9DF /* Result.framework in Frameworks */,
				71FF00F023053BC60071F9DF /* Moya.framework in Frameworks */,
				71FF0125230659C30071F9DF /* RxMoya.framework in Frameworks */,
				71FF00F423053BE80071F9DF /* RxCocoa.framework in Frameworks */,
				71FF00F223053BD80071F9DF /* RxSwift.framework in Frameworks */,
			);
			runOnlyForDeploymentPostprocessing = 0;
		};
		A467D64522FA8C9800557B2D /* Frameworks */ = {
			isa = PBXFrameworksBuildPhase;
			buildActionMask = 2147483647;
			files = (
			);
			runOnlyForDeploymentPostprocessing = 0;
		};
/* End PBXFrameworksBuildPhase section */

/* Begin PBXGroup section */
		71DA4F8D230AD27B00BBC2F6 /* Wireframe */ = {
			isa = PBXGroup;
			children = (
				71DA4F8E230AD28C00BBC2F6 /* HomeWireframe.swift */,
				71DA4F99230AF68A00BBC2F6 /* SettingsWireframe.swift */,
			);
			path = Wireframe;
			sourceTree = "<group>";
		};
		71DA4F96230AF62E00BBC2F6 /* Settings */ = {
			isa = PBXGroup;
			children = (
				71DA4F97230AF64100BBC2F6 /* SettingsViewModel.swift */,
			);
			path = Settings;
			sourceTree = "<group>";
		};
		71FF00DE230445DA0071F9DF /* View */ = {
			isa = PBXGroup;
			children = (
				71FF00FB2305788C0071F9DF /* Base */,
				A467D65922FA92B600557B2D /* Home */,
				71FF00E323044BA00071F9DF /* Settings */,
			);
			path = View;
			sourceTree = "<group>";
		};
		71FF00E323044BA00071F9DF /* Settings */ = {
			isa = PBXGroup;
			children = (
				71DA4F94230AED1E00BBC2F6 /* Settings.swift */,
				71DA4F89230ACB6200BBC2F6 /* SettingsViewController.swift */,
				71DA4F8B230ACBE200BBC2F6 /* SettingsViewController.storyboard */,
				71DA4F90230AEA9E00BBC2F6 /* SettingsTableViewCell.swift */,
				71DA4F91230AEA9E00BBC2F6 /* SettingsTableViewCell.xib */,
			);
			path = Settings;
			sourceTree = "<group>";
		};
		71FF00E523044C1F0071F9DF /* Network */ = {
			isa = PBXGroup;
			children = (
				71FF00F9230574160071F9DF /* WeatherAppAPI.swift */,
				71FF01152305995E0071F9DF /* WeatherAppAPIProvider.swift */,
				71A3BD20230D853E00E07427 /* LocationProvider.swift */,
				A44A2E90230E530B002EC10D /* LocationError.swift */,
				71FF00FC230578BE0071F9DF /* Params */,
				71FF00F8230573F40071F9DF /* Response */,
			);
			path = Network;
			sourceTree = "<group>";
		};
		71FF00EA23053BAC0071F9DF /* Frameworks */ = {
			isa = PBXGroup;
			children = (
				71FF0124230659C30071F9DF /* RxMoya.framework */,
				71FF00F323053BE80071F9DF /* RxCocoa.framework */,
				71FF00F123053BD80071F9DF /* RxSwift.framework */,
				71FF00EF23053BC60071F9DF /* Moya.framework */,
				71FF00ED23053BBA0071F9DF /* Result.framework */,
				71FF00EB23053BAD0071F9DF /* Alamofire.framework */,
			);
			name = Frameworks;
			sourceTree = "<group>";
		};
		71FF00F6230573D40071F9DF /* ViewModel */ = {
			isa = PBXGroup;
			children = (
				71FF01222305C4430071F9DF /* ViewModelType.swift */,
				71FF012A23068EF60071F9DF /* Home */,
				71DA4F96230AF62E00BBC2F6 /* Settings */,
			);
			path = ViewModel;
			sourceTree = "<group>";
		};
		71FF00F8230573F40071F9DF /* Response */ = {
			isa = PBXGroup;
			children = (
				71A3BD22230D88A300E07427 /* Location.swift */,
				A467D66122FA976D00557B2D /* CurrentWeather.swift */,
				71FF01202305C1C20071F9DF /* ForecastWeather.swift */,
				71FF011E2305B8E30071F9DF /* Forecast.swift */,
				71FF0105230582250071F9DF /* WeatherMain.swift */,
				71FF0103230582030071F9DF /* Weather.swift */,
				71FF0101230581D70071F9DF /* Wind.swift */,
			);
			path = Response;
			sourceTree = "<group>";
		};
		71FF00FB2305788C0071F9DF /* Base */ = {
			isa = PBXGroup;
			children = (
				71FF010F230591410071F9DF /* BaseViewController.swift */,
				71FF0113230591BB0071F9DF /* BaseNavigationController.swift */,
			);
			path = Base;
			sourceTree = "<group>";
		};
		71FF00FC230578BE0071F9DF /* Params */ = {
			isa = PBXGroup;
			children = (
				71FF00FD2305811C0071F9DF /* CurrentParams.swift */,
				71FF00FF2305816E0071F9DF /* ForecastParams.swift */,
			);
			path = Params;
			sourceTree = "<group>";
		};
		71FF01172305B01D0071F9DF /* Resource */ = {
			isa = PBXGroup;
			children = (
				71FF011C2305B52C0071F9DF /* CurrentResponseJson.json */,
				71FF011A2305B0D60071F9DF /* ForecastResponseJson.json */,
			);
			path = Resource;
			sourceTree = "<group>";
		};
		71FF012A23068EF60071F9DF /* Home */ = {
			isa = PBXGroup;
			children = (
				71FF010B230591200071F9DF /* HomeWeatherViewModel.swift */,
				71FF010D2305912E0071F9DF /* HomeTemperatureViewModel.swift */,
			);
			path = Home;
			sourceTree = "<group>";
		};
		A40DA72A22FAC62E0094A047 /* Util */ = {
			isa = PBXGroup;
			children = (
				A40DA72E22FAC7890094A047 /* WeatherCondition+Utils.swift */,
				A44A2E94230E658C002EC10D /* SpecialLocation+Utils.swift */,
				A40DA73022FACB130094A047 /* Temperature+Utils.swift */,
				71FF0126230663970071F9DF /* Timestamp+Util.swift */,
				71FF01112305918F0071F9DF /* Storyboardable.swift */,
			);
			path = Util;
			sourceTree = "<group>";
		};
		A40DA72B22FAC6350094A047 /* Skin */ = {
			isa = PBXGroup;
			children = (
				A467D66622FAAAEC00557B2D /* GradientView.swift */,
			);
			path = Skin;
			sourceTree = "<group>";
		};
		A44A2E92230E5450002EC10D /* Home */ = {
			isa = PBXGroup;
			children = (
				71FF0107230590D20071F9DF /* HomeWeatherModel.swift */,
				71FF0109230591150071F9DF /* HomeTemperatureModel.swift */,
			);
			path = Home;
			sourceTree = "<group>";
		};
		A44A2E93230E545D002EC10D /* Settings */ = {
			isa = PBXGroup;
			children = (
				71A3BD24230D89A100E07427 /* SettingsModel.swift */,
			);
			path = Settings;
			sourceTree = "<group>";
		};
		A467D62B22FA8C9500557B2D = {
			isa = PBXGroup;
			children = (
				A467D63622FA8C9500557B2D /* WeatherApp */,
				A467D64B22FA8C9800557B2D /* WeatherAppTests */,
				A467D63522FA8C9500557B2D /* Products */,
				71FF00EA23053BAC0071F9DF /* Frameworks */,
			);
			sourceTree = "<group>";
		};
		A467D63522FA8C9500557B2D /* Products */ = {
			isa = PBXGroup;
			children = (
				A467D63422FA8C9500557B2D /* WeatherApp.app */,
				A467D64822FA8C9800557B2D /* WeatherAppTests.xctest */,
			);
			name = Products;
			sourceTree = "<group>";
		};
		A467D63622FA8C9500557B2D /* WeatherApp */ = {
			isa = PBXGroup;
			children = (
				A467D63722FA8C9500557B2D /* AppDelegate.swift */,
				A467D66322FA99DE00557B2D /* Configuration.swift */,
				A495FF42230BCBA40073F23E /* LocalSettings.swift */,
				A467D66022FA95C000557B2D /* Model */,
				71DA4F8D230AD27B00BBC2F6 /* Wireframe */,
				71FF00F6230573D40071F9DF /* ViewModel */,
				71FF00DE230445DA0071F9DF /* View */,
				A467D66522FAAABD00557B2D /* Common */,
				A467D63E22FA8C9700557B2D /* Assets.xcassets */,
				A467D64022FA8C9700557B2D /* LaunchScreen.storyboard */,
				A467D64322FA8C9700557B2D /* Info.plist */,
			);
			path = WeatherApp;
			sourceTree = "<group>";
		};
		A467D64B22FA8C9800557B2D /* WeatherAppTests */ = {
			isa = PBXGroup;
			children = (
				71FF01172305B01D0071F9DF /* Resource */,
				A467D64E22FA8C9800557B2D /* Info.plist */,
			);
			path = WeatherAppTests;
			sourceTree = "<group>";
		};
		A467D65922FA92B600557B2D /* Home */ = {
			isa = PBXGroup;
			children = (
				A467D65A22FA92D700557B2D /* HomeViewController.swift */,
				A467D65C22FA92F600557B2D /* HomeViewController.storyboard */,
				71FF00DF230449120071F9DF /* HomeTemperatureCollectionViewController.swift */,
				71FF00E1230449F50071F9DF /* HomeTemperatureCollectionViewController.storyboard */,
				71FF00E6230450CC0071F9DF /* HomeTemperatureCollectionViewCell.swift */,
				71FF00E7230450CC0071F9DF /* HomeTemperatureCollectionViewCell.xib */,
			);
			path = Home;
			sourceTree = "<group>";
		};
		A467D66022FA95C000557B2D /* Model */ = {
			isa = PBXGroup;
			children = (
				71FF00E523044C1F0071F9DF /* Network */,
				A44A2E92230E5450002EC10D /* Home */,
				A44A2E93230E545D002EC10D /* Settings */,
			);
			path = Model;
			sourceTree = "<group>";
		};
		A467D66522FAAABD00557B2D /* Common */ = {
			isa = PBXGroup;
			children = (
				A40DA72B22FAC6350094A047 /* Skin */,
				A40DA72A22FAC62E0094A047 /* Util */,
			);
			path = Common;
			sourceTree = "<group>";
		};
/* End PBXGroup section */

/* Begin PBXNativeTarget section */
		A467D63322FA8C9500557B2D /* WeatherApp */ = {
			isa = PBXNativeTarget;
			buildConfigurationList = A467D65122FA8C9800557B2D /* Build configuration list for PBXNativeTarget "WeatherApp" */;
			buildPhases = (
				A467D63022FA8C9500557B2D /* Sources */,
				A467D63122FA8C9500557B2D /* Frameworks */,
				A467D63222FA8C9500557B2D /* Resources */,
				71FF00F523053C020071F9DF /* Carthage */,
			);
			buildRules = (
			);
			dependencies = (
			);
			name = WeatherApp;
			productName = WeatherApp;
			productReference = A467D63422FA8C9500557B2D /* WeatherApp.app */;
			productType = "com.apple.product-type.application";
		};
		A467D64722FA8C9800557B2D /* WeatherAppTests */ = {
			isa = PBXNativeTarget;
			buildConfigurationList = A467D65422FA8C9800557B2D /* Build configuration list for PBXNativeTarget "WeatherAppTests" */;
			buildPhases = (
				A467D64422FA8C9800557B2D /* Sources */,
				A467D64522FA8C9800557B2D /* Frameworks */,
				A467D64622FA8C9800557B2D /* Resources */,
			);
			buildRules = (
			);
			dependencies = (
				A467D64A22FA8C9800557B2D /* PBXTargetDependency */,
			);
			name = WeatherAppTests;
			productName = WeatherAppTests;
			productReference = A467D64822FA8C9800557B2D /* WeatherAppTests.xctest */;
			productType = "com.apple.product-type.bundle.unit-test";
		};
/* End PBXNativeTarget section */

/* Begin PBXProject section */
		A467D62C22FA8C9500557B2D /* Project object */ = {
			isa = PBXProject;
			attributes = {
				LastSwiftUpdateCheck = 1030;
				LastUpgradeCheck = 1030;
				ORGANIZATIONNAME = "Yamada Shunya";
				TargetAttributes = {
					A467D63322FA8C9500557B2D = {
						CreatedOnToolsVersion = 10.3;
					};
					A467D64722FA8C9800557B2D = {
						CreatedOnToolsVersion = 10.3;
						TestTargetID = A467D63322FA8C9500557B2D;
					};
				};
			};
			buildConfigurationList = A467D62F22FA8C9500557B2D /* Build configuration list for PBXProject "WeatherApp" */;
			compatibilityVersion = "Xcode 9.3";
			developmentRegion = en;
			hasScannedForEncodings = 0;
			knownRegions = (
				en,
				Base,
			);
			mainGroup = A467D62B22FA8C9500557B2D;
			productRefGroup = A467D63522FA8C9500557B2D /* Products */;
			projectDirPath = "";
			projectRoot = "";
			targets = (
				A467D63322FA8C9500557B2D /* WeatherApp */,
				A467D64722FA8C9800557B2D /* WeatherAppTests */,
			);
		};
/* End PBXProject section */

/* Begin PBXResourcesBuildPhase section */
		A467D63222FA8C9500557B2D /* Resources */ = {
			isa = PBXResourcesBuildPhase;
			buildActionMask = 2147483647;
			files = (
				71DA4F93230AEA9E00BBC2F6 /* SettingsTableViewCell.xib in Resources */,
				A467D64222FA8C9700557B2D /* LaunchScreen.storyboard in Resources */,
				71FF00E9230450CC0071F9DF /* HomeTemperatureCollectionViewCell.xib in Resources */,
				A467D63F22FA8C9700557B2D /* Assets.xcassets in Resources */,
				A467D65D22FA92F600557B2D /* HomeViewController.storyboard in Resources */,
				71DA4F8C230ACBE200BBC2F6 /* SettingsViewController.storyboard in Resources */,
				71FF00E2230449F50071F9DF /* HomeTemperatureCollectionViewController.storyboard in Resources */,
			);
			runOnlyForDeploymentPostprocessing = 0;
		};
		A467D64622FA8C9800557B2D /* Resources */ = {
			isa = PBXResourcesBuildPhase;
			buildActionMask = 2147483647;
			files = (
				71FF011D2305B52C0071F9DF /* CurrentResponseJson.json in Resources */,
				71FF011B2305B0D60071F9DF /* ForecastResponseJson.json in Resources */,
			);
			runOnlyForDeploymentPostprocessing = 0;
		};
/* End PBXResourcesBuildPhase section */

/* Begin PBXShellScriptBuildPhase section */
		71FF00F523053C020071F9DF /* Carthage */ = {
			isa = PBXShellScriptBuildPhase;
			buildActionMask = 2147483647;
			files = (
			);
			inputFileListPaths = (
			);
			inputPaths = (
				"$(SRCROOT)/Carthage/Build/iOS/Alamofire.framework",
				"$(SRCROOT)/Carthage/Build/iOS/Result.framework",
				"$(SRCROOT)/Carthage/Build/iOS/Moya.framework",
				"$(SRCROOT)/Carthage/Build/iOS/RxSwift.framework",
				"$(SRCROOT)/Carthage/Build/iOS/RxCocoa.framework",
				"$(SRCROOT)/Carthage/Build/iOS/RxMoya.framework",
			);
			name = Carthage;
			outputFileListPaths = (
			);
			outputPaths = (
			);
			runOnlyForDeploymentPostprocessing = 0;
			shellPath = /bin/sh;
			shellScript = "/usr/local/bin/carthage copy-frameworks\n";
		};
/* End PBXShellScriptBuildPhase section */

/* Begin PBXSourcesBuildPhase section */
		A467D63022FA8C9500557B2D /* Sources */ = {
			isa = PBXSourcesBuildPhase;
			buildActionMask = 2147483647;
			files = (
				A40DA73122FACB130094A047 /* Temperature+Utils.swift in Sources */,
				71FF010C230591200071F9DF /* HomeWeatherViewModel.swift in Sources */,
				A467D66422FA99DE00557B2D /* Configuration.swift in Sources */,
				71FF01002305816E0071F9DF /* ForecastParams.swift in Sources */,
				71FF00FE2305811C0071F9DF /* CurrentParams.swift in Sources */,
				71FF0110230591410071F9DF /* BaseViewController.swift in Sources */,
				71FF010E2305912E0071F9DF /* HomeTemperatureViewModel.swift in Sources */,
				A44A2E91230E530B002EC10D /* LocationError.swift in Sources */,
				71FF01162305995E0071F9DF /* WeatherAppAPIProvider.swift in Sources */,
				71DA4F92230AEA9E00BBC2F6 /* SettingsTableViewCell.swift in Sources */,
				71A3BD25230D89A100E07427 /* SettingsModel.swift in Sources */,
				71FF0108230590D20071F9DF /* HomeWeatherModel.swift in Sources */,
				A495FF43230BCBA40073F23E /* LocalSettings.swift in Sources */,
				71FF00E0230449120071F9DF /* HomeTemperatureCollectionViewController.swift in Sources */,
				71FF01212305C1C20071F9DF /* ForecastWeather.swift in Sources */,
				A467D66722FAAAEC00557B2D /* GradientView.swift in Sources */,
				71DA4F8F230AD28C00BBC2F6 /* HomeWireframe.swift in Sources */,
				71FF01232305C4430071F9DF /* ViewModelType.swift in Sources */,
				71DA4F98230AF64100BBC2F6 /* SettingsViewModel.swift in Sources */,
				71FF0106230582250071F9DF /* WeatherMain.swift in Sources */,
				71FF0104230582030071F9DF /* Weather.swift in Sources */,
				A40DA72F22FAC7890094A047 /* WeatherCondition+Utils.swift in Sources */,
				71FF00E8230450CC0071F9DF /* HomeTemperatureCollectionViewCell.swift in Sources */,
				71FF011F2305B8E30071F9DF /* Forecast.swift in Sources */,
				71A3BD23230D88A300E07427 /* Location.swift in Sources */,
				A44A2E95230E658C002EC10D /* SpecialLocation+Utils.swift in Sources */,
				71FF010A230591150071F9DF /* HomeTemperatureModel.swift in Sources */,
				71DA4F95230AED1E00BBC2F6 /* Settings.swift in Sources */,
				A467D63822FA8C9500557B2D /* AppDelegate.swift in Sources */,
				71FF01122305918F0071F9DF /* Storyboardable.swift in Sources */,
				A467D66222FA976E00557B2D /* CurrentWeather.swift in Sources */,
				71FF0114230591BB0071F9DF /* BaseNavigationController.swift in Sources */,
				71DA4F8A230ACB6200BBC2F6 /* SettingsViewController.swift in Sources */,
				A467D65B22FA92D700557B2D /* HomeViewController.swift in Sources */,
				71DA4F9A230AF68A00BBC2F6 /* SettingsWireframe.swift in Sources */,
				71FF00FA230574160071F9DF /* WeatherAppAPI.swift in Sources */,
				71FF0127230663970071F9DF /* Timestamp+Util.swift in Sources */,
				71FF0102230581D70071F9DF /* Wind.swift in Sources */,
				71A3BD21230D853E00E07427 /* LocationProvider.swift in Sources */,
			);
			runOnlyForDeploymentPostprocessing = 0;
		};
		A467D64422FA8C9800557B2D /* Sources */ = {
			isa = PBXSourcesBuildPhase;
			buildActionMask = 2147483647;
			files = (
			);
			runOnlyForDeploymentPostprocessing = 0;
		};
/* End PBXSourcesBuildPhase section */

/* Begin PBXTargetDependency section */
		A467D64A22FA8C9800557B2D /* PBXTargetDependency */ = {
			isa = PBXTargetDependency;
			target = A467D63322FA8C9500557B2D /* WeatherApp */;
			targetProxy = A467D64922FA8C9800557B2D /* PBXContainerItemProxy */;
		};
/* End PBXTargetDependency section */

/* Begin PBXVariantGroup section */
		A467D64022FA8C9700557B2D /* LaunchScreen.storyboard */ = {
			isa = PBXVariantGroup;
			children = (
				A467D64122FA8C9700557B2D /* Base */,
			);
			name = LaunchScreen.storyboard;
			sourceTree = "<group>";
		};
/* End PBXVariantGroup section */

/* Begin XCBuildConfiguration section */
		A467D64F22FA8C9800557B2D /* Debug */ = {
			isa = XCBuildConfiguration;
			buildSettings = {
				ALWAYS_SEARCH_USER_PATHS = NO;
				CLANG_ANALYZER_NONNULL = YES;
				CLANG_ANALYZER_NUMBER_OBJECT_CONVERSION = YES_AGGRESSIVE;
				CLANG_CXX_LANGUAGE_STANDARD = "gnu++14";
				CLANG_CXX_LIBRARY = "libc++";
				CLANG_ENABLE_MODULES = YES;
				CLANG_ENABLE_OBJC_ARC = YES;
				CLANG_ENABLE_OBJC_WEAK = YES;
				CLANG_WARN_BLOCK_CAPTURE_AUTORELEASING = YES;
				CLANG_WARN_BOOL_CONVERSION = YES;
				CLANG_WARN_COMMA = YES;
				CLANG_WARN_CONSTANT_CONVERSION = YES;
				CLANG_WARN_DEPRECATED_OBJC_IMPLEMENTATIONS = YES;
				CLANG_WARN_DIRECT_OBJC_ISA_USAGE = YES_ERROR;
				CLANG_WARN_DOCUMENTATION_COMMENTS = YES;
				CLANG_WARN_EMPTY_BODY = YES;
				CLANG_WARN_ENUM_CONVERSION = YES;
				CLANG_WARN_INFINITE_RECURSION = YES;
				CLANG_WARN_INT_CONVERSION = YES;
				CLANG_WARN_NON_LITERAL_NULL_CONVERSION = YES;
				CLANG_WARN_OBJC_IMPLICIT_RETAIN_SELF = YES;
				CLANG_WARN_OBJC_LITERAL_CONVERSION = YES;
				CLANG_WARN_OBJC_ROOT_CLASS = YES_ERROR;
				CLANG_WARN_RANGE_LOOP_ANALYSIS = YES;
				CLANG_WARN_STRICT_PROTOTYPES = YES;
				CLANG_WARN_SUSPICIOUS_MOVE = YES;
				CLANG_WARN_UNGUARDED_AVAILABILITY = YES_AGGRESSIVE;
				CLANG_WARN_UNREACHABLE_CODE = YES;
				CLANG_WARN__DUPLICATE_METHOD_MATCH = YES;
				CODE_SIGN_IDENTITY = "iPhone Developer";
				COPY_PHASE_STRIP = NO;
				DEBUG_INFORMATION_FORMAT = dwarf;
				ENABLE_STRICT_OBJC_MSGSEND = YES;
				ENABLE_TESTABILITY = YES;
				GCC_C_LANGUAGE_STANDARD = gnu11;
				GCC_DYNAMIC_NO_PIC = NO;
				GCC_NO_COMMON_BLOCKS = YES;
				GCC_OPTIMIZATION_LEVEL = 0;
				GCC_PREPROCESSOR_DEFINITIONS = (
					"DEBUG=1",
					"$(inherited)",
				);
				GCC_WARN_64_TO_32_BIT_CONVERSION = YES;
				GCC_WARN_ABOUT_RETURN_TYPE = YES_ERROR;
				GCC_WARN_UNDECLARED_SELECTOR = YES;
				GCC_WARN_UNINITIALIZED_AUTOS = YES_AGGRESSIVE;
				GCC_WARN_UNUSED_FUNCTION = YES;
				GCC_WARN_UNUSED_VARIABLE = YES;
				IPHONEOS_DEPLOYMENT_TARGET = 12.4;
				MTL_ENABLE_DEBUG_INFO = INCLUDE_SOURCE;
				MTL_FAST_MATH = YES;
				ONLY_ACTIVE_ARCH = YES;
				SDKROOT = iphoneos;
				SWIFT_ACTIVE_COMPILATION_CONDITIONS = DEBUG;
				SWIFT_OPTIMIZATION_LEVEL = "-Onone";
			};
			name = Debug;
		};
		A467D65022FA8C9800557B2D /* Release */ = {
			isa = XCBuildConfiguration;
			buildSettings = {
				ALWAYS_SEARCH_USER_PATHS = NO;
				CLANG_ANALYZER_NONNULL = YES;
				CLANG_ANALYZER_NUMBER_OBJECT_CONVERSION = YES_AGGRESSIVE;
				CLANG_CXX_LANGUAGE_STANDARD = "gnu++14";
				CLANG_CXX_LIBRARY = "libc++";
				CLANG_ENABLE_MODULES = YES;
				CLANG_ENABLE_OBJC_ARC = YES;
				CLANG_ENABLE_OBJC_WEAK = YES;
				CLANG_WARN_BLOCK_CAPTURE_AUTORELEASING = YES;
				CLANG_WARN_BOOL_CONVERSION = YES;
				CLANG_WARN_COMMA = YES;
				CLANG_WARN_CONSTANT_CONVERSION = YES;
				CLANG_WARN_DEPRECATED_OBJC_IMPLEMENTATIONS = YES;
				CLANG_WARN_DIRECT_OBJC_ISA_USAGE = YES_ERROR;
				CLANG_WARN_DOCUMENTATION_COMMENTS = YES;
				CLANG_WARN_EMPTY_BODY = YES;
				CLANG_WARN_ENUM_CONVERSION = YES;
				CLANG_WARN_INFINITE_RECURSION = YES;
				CLANG_WARN_INT_CONVERSION = YES;
				CLANG_WARN_NON_LITERAL_NULL_CONVERSION = YES;
				CLANG_WARN_OBJC_IMPLICIT_RETAIN_SELF = YES;
				CLANG_WARN_OBJC_LITERAL_CONVERSION = YES;
				CLANG_WARN_OBJC_ROOT_CLASS = YES_ERROR;
				CLANG_WARN_RANGE_LOOP_ANALYSIS = YES;
				CLANG_WARN_STRICT_PROTOTYPES = YES;
				CLANG_WARN_SUSPICIOUS_MOVE = YES;
				CLANG_WARN_UNGUARDED_AVAILABILITY = YES_AGGRESSIVE;
				CLANG_WARN_UNREACHABLE_CODE = YES;
				CLANG_WARN__DUPLICATE_METHOD_MATCH = YES;
				CODE_SIGN_IDENTITY = "iPhone Developer";
				COPY_PHASE_STRIP = NO;
				DEBUG_INFORMATION_FORMAT = "dwarf-with-dsym";
				ENABLE_NS_ASSERTIONS = NO;
				ENABLE_STRICT_OBJC_MSGSEND = YES;
				GCC_C_LANGUAGE_STANDARD = gnu11;
				GCC_NO_COMMON_BLOCKS = YES;
				GCC_WARN_64_TO_32_BIT_CONVERSION = YES;
				GCC_WARN_ABOUT_RETURN_TYPE = YES_ERROR;
				GCC_WARN_UNDECLARED_SELECTOR = YES;
				GCC_WARN_UNINITIALIZED_AUTOS = YES_AGGRESSIVE;
				GCC_WARN_UNUSED_FUNCTION = YES;
				GCC_WARN_UNUSED_VARIABLE = YES;
				IPHONEOS_DEPLOYMENT_TARGET = 12.4;
				MTL_ENABLE_DEBUG_INFO = NO;
				MTL_FAST_MATH = YES;
				SDKROOT = iphoneos;
				SWIFT_COMPILATION_MODE = wholemodule;
				SWIFT_OPTIMIZATION_LEVEL = "-O";
				VALIDATE_PRODUCT = YES;
			};
			name = Release;
		};
		A467D65222FA8C9800557B2D /* Debug */ = {
			isa = XCBuildConfiguration;
			buildSettings = {
				ASSETCATALOG_COMPILER_APPICON_NAME = AppIcon;
				CODE_SIGN_STYLE = Automatic;
				DEVELOPMENT_TEAM = NFHBTKRJJM;
				FRAMEWORK_SEARCH_PATHS = (
					"$(inherited)",
					"$(PROJECT_DIR)/Carthage/Build/iOS",
				);
				INFOPLIST_FILE = WeatherApp/Info.plist;
				LD_RUNPATH_SEARCH_PATHS = (
					"$(inherited)",
					"@executable_path/Frameworks",
				);
				PRODUCT_BUNDLE_IDENTIFIER = Shunya.WeatherApp;
				PRODUCT_NAME = "$(TARGET_NAME)";
				SWIFT_VERSION = 5.0;
				TARGETED_DEVICE_FAMILY = "1,2";
			};
			name = Debug;
		};
		A467D65322FA8C9800557B2D /* Release */ = {
			isa = XCBuildConfiguration;
			buildSettings = {
				ASSETCATALOG_COMPILER_APPICON_NAME = AppIcon;
				CODE_SIGN_STYLE = Automatic;
				DEVELOPMENT_TEAM = NFHBTKRJJM;
				FRAMEWORK_SEARCH_PATHS = (
					"$(inherited)",
					"$(PROJECT_DIR)/Carthage/Build/iOS",
				);
				INFOPLIST_FILE = WeatherApp/Info.plist;
				LD_RUNPATH_SEARCH_PATHS = (
					"$(inherited)",
					"@executable_path/Frameworks",
				);
				PRODUCT_BUNDLE_IDENTIFIER = Shunya.WeatherApp;
				PRODUCT_NAME = "$(TARGET_NAME)";
				SWIFT_VERSION = 5.0;
				TARGETED_DEVICE_FAMILY = "1,2";
			};
			name = Release;
		};
		A467D65522FA8C9800557B2D /* Debug */ = {
			isa = XCBuildConfiguration;
			buildSettings = {
				ALWAYS_EMBED_SWIFT_STANDARD_LIBRARIES = YES;
				BUNDLE_LOADER = "$(TEST_HOST)";
				CODE_SIGN_STYLE = Automatic;
				DEVELOPMENT_TEAM = W7P9HBNW4T;
				INFOPLIST_FILE = WeatherAppTests/Info.plist;
				LD_RUNPATH_SEARCH_PATHS = (
					"$(inherited)",
					"@executable_path/Frameworks",
					"@loader_path/Frameworks",
				);
				PRODUCT_BUNDLE_IDENTIFIER = yamadash.WeatherAppTests;
				PRODUCT_NAME = "$(TARGET_NAME)";
				SWIFT_VERSION = 5.0;
				TARGETED_DEVICE_FAMILY = "1,2";
				TEST_HOST = "$(BUILT_PRODUCTS_DIR)/WeatherApp.app/WeatherApp";
			};
			name = Debug;
		};
		A467D65622FA8C9800557B2D /* Release */ = {
			isa = XCBuildConfiguration;
			buildSettings = {
				ALWAYS_EMBED_SWIFT_STANDARD_LIBRARIES = YES;
				BUNDLE_LOADER = "$(TEST_HOST)";
				CODE_SIGN_STYLE = Automatic;
				DEVELOPMENT_TEAM = W7P9HBNW4T;
				INFOPLIST_FILE = WeatherAppTests/Info.plist;
				LD_RUNPATH_SEARCH_PATHS = (
					"$(inherited)",
					"@executable_path/Frameworks",
					"@loader_path/Frameworks",
				);
				PRODUCT_BUNDLE_IDENTIFIER = yamadash.WeatherAppTests;
				PRODUCT_NAME = "$(TARGET_NAME)";
				SWIFT_VERSION = 5.0;
				TARGETED_DEVICE_FAMILY = "1,2";
				TEST_HOST = "$(BUILT_PRODUCTS_DIR)/WeatherApp.app/WeatherApp";
			};
			name = Release;
		};
/* End XCBuildConfiguration section */

/* Begin XCConfigurationList section */
		A467D62F22FA8C9500557B2D /* Build configuration list for PBXProject "WeatherApp" */ = {
			isa = XCConfigurationList;
			buildConfigurations = (
				A467D64F22FA8C9800557B2D /* Debug */,
				A467D65022FA8C9800557B2D /* Release */,
			);
			defaultConfigurationIsVisible = 0;
			defaultConfigurationName = Release;
		};
		A467D65122FA8C9800557B2D /* Build configuration list for PBXNativeTarget "WeatherApp" */ = {
			isa = XCConfigurationList;
			buildConfigurations = (
				A467D65222FA8C9800557B2D /* Debug */,
				A467D65322FA8C9800557B2D /* Release */,
			);
			defaultConfigurationIsVisible = 0;
			defaultConfigurationName = Release;
		};
		A467D65422FA8C9800557B2D /* Build configuration list for PBXNativeTarget "WeatherAppTests" */ = {
			isa = XCConfigurationList;
			buildConfigurations = (
				A467D65522FA8C9800557B2D /* Debug */,
				A467D65622FA8C9800557B2D /* Release */,
			);
			defaultConfigurationIsVisible = 0;
			defaultConfigurationName = Release;
		};
/* End XCConfigurationList section */
	};
	rootObject = A467D62C22FA8C9500557B2D /* Project object */;
}
